
Microsoft Visual Studio Solution File, Format Version 12.00
# Visual Studio Version 16
VisualStudioVersion = 16.0.31205.134
MinimumVisualStudioVersion = 10.0.40219.1
Project("{FAE04EC0-301F-11D3-BF4B-00C04F79EFBC}") = "Ejemplo Foro 1", "Ejemplo Foro 1\Ejemplo Foro 1.csproj", "{1F5EC55F-EAC7-413D-8CB8-A2F607F2B2F4}"
EndProject
Global
	GlobalSection(SolutionConfigurationPlatforms) = preSolution
		Debug|Any CPU = Debug|Any CPU
		Release|Any CPU = Release|Any CPU
	EndGlobalSection
	GlobalSection(ProjectConfigurationPlatforms) = postSolution
		{1F5EC55F-EAC7-413D-8CB8-A2F607F2B2F4}.Debug|Any CPU.ActiveCfg = Debug|Any CPU
		{1F5EC55F-EAC7-413D-8CB8-A2F607F2B2F4}.Debug|Any CPU.Build.0 = Debug|Any CPU
		{1F5EC55F-EAC7-413D-8CB8-A2F607F2B2F4}.Release|Any CPU.ActiveCfg = Release|Any CPU
		{1F5EC55F-EAC7-413D-8CB8-A2F607F2B2F4}.Release|Any CPU.Build.0 = Release|Any CPU
	EndGlobalSection
	GlobalSection(SolutionProperties) = preSolution
		HideSolutionNode = FALSE
	EndGlobalSection
	GlobalSection(ExtensibilityGlobals) = postSolution
		SolutionGuid = {5E9DEC5D-757F-4350-A397-D74BD27ABDE2}
	EndGlobalSection
EndGlobal
